
Microsoft Visual Studio Solution File, Format Version 12.00
# Visual Studio Version 16
VisualStudioVersion = 16.0.31205.134
MinimumVisualStudioVersion = 10.0.40219.1
Project("{FAE04EC0-301F-11D3-BF4B-00C04F79EFBC}") = "PooLabTransporte", "PooLabTransporte\PooLabTransporte.csproj", "{A50E6459-F672-4E21-9EA7-5201BB6DD0D5}"
EndProject
Global
	GlobalSection(SolutionConfigurationPlatforms) = preSolution
		Debug|Any CPU = Debug|Any CPU
		Release|Any CPU = Release|Any CPU
	EndGlobalSection
	GlobalSection(ProjectConfigurationPlatforms) = postSolution
		{A50E6459-F672-4E21-9EA7-5201BB6DD0D5}.Debug|Any CPU.ActiveCfg = Debug|Any CPU
		{A50E6459-F672-4E21-9EA7-5201BB6DD0D5}.Debug|Any CPU.Build.0 = Debug|Any CPU
		{A50E6459-F672-4E21-9EA7-5201BB6DD0D5}.Release|Any CPU.ActiveCfg = Release|Any CPU
		{A50E6459-F672-4E21-9EA7-5201BB6DD0D5}.Release|Any CPU.Build.0 = Release|Any CPU
	EndGlobalSection
	GlobalSection(SolutionProperties) = preSolution
		HideSolutionNode = FALSE
	EndGlobalSection
	GlobalSection(ExtensibilityGlobals) = postSolution
		SolutionGuid = {F4FB3776-BA3F-463B-A17B-540FA65EBF84}
	EndGlobalSection
EndGlobal
